
Microsoft Visual Studio Solution File, Format Version 12.00
Project("{FAE04EC0-301F-11D3-BF4B-00C04F79EFBC}") = "Moira.KubeOps", "Moira.KubeOps\Moira.KubeOps.csproj", "{EDA92CD9-F16C-432F-A2C4-E6F2128D04CA}"
EndProject
Project("{FAE04EC0-301F-11D3-BF4B-00C04F79EFBC}") = "Moira.Common", "Moira.Common\Moira.Common.csproj", "{C4FCD129-A600-4F41-AA9E-A0FC905C2C20}"
EndProject
Project("{2150E333-8FDC-42A3-9474-1A3956D46DE8}") = "Authentik", "Authentik", "{A1B2C3D4-0000-0000-0000-000000000000}"
EndProject
Project("{FAE04EC0-301F-11D3-BF4B-00C04F79EFBC}") = "Moira.Authentik.Domain", "Authentik\Moira.Authentik.Domain\Moira.Authentik.Domain.csproj", "{B1B2C3D4-0000-0000-0000-000000000001}"
EndProject
Project("{FAE04EC0-301F-11D3-BF4B-00C04F79EFBC}") = "Moira.Authentik.Application", "Authentik\Moira.Authentik.Application\Moira.Authentik.Application.csproj", "{C1B2C3D4-0000-0000-0000-000000000002}"
EndProject
Project("{FAE04EC0-301F-11D3-BF4B-00C04F79EFBC}") = "Moira.Authentik.Infrastructure", "Authentik\Moira.Authentik.Infrastructure\Moira.Authentik.Infrastructure.csproj", "{D1B2C3D4-0000-0000-0000-000000000003}"
EndProject
Project("{FAE04EC0-301F-11D3-BF4B-00C04F79EFBC}") = "Moira.Authentik.Controllers", "Authentik\Moira.Authentik.Controllers\Moira.Authentik.Controllers.csproj", "{E1B2C3D4-0000-0000-0000-000000000004}"
EndProject
Project("{FAE04EC0-301F-11D3-BF4B-00C04F79EFBC}") = "Moira.Authentik.KubeOps", "Authentik\Moira.Authentik.KubeOps\Moira.Authentik.KubeOps.csproj", "{A9704467-25FB-411A-8734-753A76A459F8}"
EndProject
Global
	GlobalSection(SolutionConfigurationPlatforms) = preSolution
		Debug|Any CPU = Debug|Any CPU
		Release|Any CPU = Release|Any CPU
	EndGlobalSection
	GlobalSection(ProjectConfigurationPlatforms) = postSolution
		{EDA92CD9-F16C-432F-A2C4-E6F2128D04CA}.Debug|Any CPU.ActiveCfg = Debug|Any CPU
		{EDA92CD9-F16C-432F-A2C4-E6F2128D04CA}.Debug|Any CPU.Build.0 = Debug|Any CPU
		{EDA92CD9-F16C-432F-A2C4-E6F2128D04CA}.Release|Any CPU.ActiveCfg = Release|Any CPU
		{EDA92CD9-F16C-432F-A2C4-E6F2128D04CA}.Release|Any CPU.Build.0 = Release|Any CPU
		{C4FCD129-A600-4F41-AA9E-A0FC905C2C20}.Debug|Any CPU.ActiveCfg = Debug|Any CPU
		{C4FCD129-A600-4F41-AA9E-A0FC905C2C20}.Debug|Any CPU.Build.0 = Debug|Any CPU
		{C4FCD129-A600-4F41-AA9E-A0FC905C2C20}.Release|Any CPU.ActiveCfg = Release|Any CPU
		{C4FCD129-A600-4F41-AA9E-A0FC905C2C20}.Release|Any CPU.Build.0 = Release|Any CPU
		{B1B2C3D4-0000-0000-0000-000000000001}.Debug|Any CPU.ActiveCfg = Debug|Any CPU
		{B1B2C3D4-0000-0000-0000-000000000001}.Debug|Any CPU.Build.0 = Debug|Any CPU
		{B1B2C3D4-0000-0000-0000-000000000001}.Release|Any CPU.ActiveCfg = Release|Any CPU
		{B1B2C3D4-0000-0000-0000-000000000001}.Release|Any CPU.Build.0 = Release|Any CPU
		{C1B2C3D4-0000-0000-0000-000000000002}.Debug|Any CPU.ActiveCfg = Debug|Any CPU
		{C1B2C3D4-0000-0000-0000-000000000002}.Debug|Any CPU.Build.0 = Debug|Any CPU
		{C1B2C3D4-0000-0000-0000-000000000002}.Release|Any CPU.ActiveCfg = Release|Any CPU
		{C1B2C3D4-0000-0000-0000-000000000002}.Release|Any CPU.Build.0 = Release|Any CPU
		{D1B2C3D4-0000-0000-0000-000000000003}.Debug|Any CPU.ActiveCfg = Debug|Any CPU
		{D1B2C3D4-0000-0000-0000-000000000003}.Debug|Any CPU.Build.0 = Debug|Any CPU
		{D1B2C3D4-0000-0000-0000-000000000003}.Release|Any CPU.ActiveCfg = Release|Any CPU
		{D1B2C3D4-0000-0000-0000-000000000003}.Release|Any CPU.Build.0 = Release|Any CPU
		{E1B2C3D4-0000-0000-0000-000000000004}.Debug|Any CPU.ActiveCfg = Debug|Any CPU
		{E1B2C3D4-0000-0000-0000-000000000004}.Debug|Any CPU.Build.0 = Debug|Any CPU
		{E1B2C3D4-0000-0000-0000-000000000004}.Release|Any CPU.ActiveCfg = Release|Any CPU
		{E1B2C3D4-0000-0000-0000-000000000004}.Release|Any CPU.Build.0 = Release|Any CPU
		{A9704467-25FB-411A-8734-753A76A459F8}.Debug|Any CPU.ActiveCfg = Debug|Any CPU
		{A9704467-25FB-411A-8734-753A76A459F8}.Debug|Any CPU.Build.0 = Debug|Any CPU
		{A9704467-25FB-411A-8734-753A76A459F8}.Release|Any CPU.ActiveCfg = Release|Any CPU
		{A9704467-25FB-411A-8734-753A76A459F8}.Release|Any CPU.Build.0 = Release|Any CPU
	EndGlobalSection
	GlobalSection(NestedProjects) = preSolution
		{B1B2C3D4-0000-0000-0000-000000000001} = {A1B2C3D4-0000-0000-0000-000000000000}
		{C1B2C3D4-0000-0000-0000-000000000002} = {A1B2C3D4-0000-0000-0000-000000000000}
		{D1B2C3D4-0000-0000-0000-000000000003} = {A1B2C3D4-0000-0000-0000-000000000000}
		{E1B2C3D4-0000-0000-0000-000000000004} = {A1B2C3D4-0000-0000-0000-000000000000}
		{A9704467-25FB-411A-8734-753A76A459F8} = {A1B2C3D4-0000-0000-0000-000000000000}
	EndGlobalSection
EndGlobal
